
Microsoft Visual Studio Solution File, Format Version 12.00
# Visual Studio Version 16
VisualStudioVersion = 16.0.29123.88
MinimumVisualStudioVersion = 10.0.40219.1
Project("{FAE04EC0-301F-11D3-BF4B-00C04F79EFBC}") = "PrettyGoods", "PrettyGoods\PrettyGoods.csproj", "{FDB7EF3E-BD40-41B7-889B-72130C607E08}"
EndProject
Global
	GlobalSection(SolutionConfigurationPlatforms) = preSolution
		Debug|Any CPU = Debug|Any CPU
		Release|Any CPU = Release|Any CPU
	EndGlobalSection
	GlobalSection(ProjectConfigurationPlatforms) = postSolution
		{FDB7EF3E-BD40-41B7-889B-72130C607E08}.Debug|Any CPU.ActiveCfg = Debug|Any CPU
		{FDB7EF3E-BD40-41B7-889B-72130C607E08}.Debug|Any CPU.Build.0 = Debug|Any CPU
		{FDB7EF3E-BD40-41B7-889B-72130C607E08}.Release|Any CPU.ActiveCfg = Release|Any CPU
		{FDB7EF3E-BD40-41B7-889B-72130C607E08}.Release|Any CPU.Build.0 = Release|Any CPU
	EndGlobalSection
	GlobalSection(SolutionProperties) = preSolution
		HideSolutionNode = FALSE
	EndGlobalSection
	GlobalSection(ExtensibilityGlobals) = postSolution
		SolutionGuid = {929FBAFC-DBE9-4D2B-B1EC-582B2D7D00B4}
	EndGlobalSection
EndGlobal
